// !$*UTF8*$!
{
	archiveVersion = 1;
	classes = {
	};
	objectVersion = 46;
	objects = {

/* Begin PBXBuildFile section */
		310FFF671CC19AAE0075AA9E /* AppDelegate.swift in Sources */ = {isa = PBXBuildFile; fileRef = 310FFF661CC19AAE0075AA9E /* AppDelegate.swift */; };
		310FFF691CC19AAE0075AA9E /* ViewController.swift in Sources */ = {isa = PBXBuildFile; fileRef = 310FFF681CC19AAE0075AA9E /* ViewController.swift */; };
		310FFF6C1CC19AAE0075AA9E /* Main.storyboard in Resources */ = {isa = PBXBuildFile; fileRef = 310FFF6A1CC19AAE0075AA9E /* Main.storyboard */; };
		310FFF6E1CC19AAE0075AA9E /* Assets.xcassets in Resources */ = {isa = PBXBuildFile; fileRef = 310FFF6D1CC19AAE0075AA9E /* Assets.xcassets */; };
		310FFF711CC19AAE0075AA9E /* LaunchScreen.storyboard in Resources */ = {isa = PBXBuildFile; fileRef = 310FFF6F1CC19AAE0075AA9E /* LaunchScreen.storyboard */; };
		310FFF801CC19B0A0075AA9E /* InterfaceController.swift in Sources */ = {isa = PBXBuildFile; fileRef = 310FFF7F1CC19B0A0075AA9E /* InterfaceController.swift */; };
		310FFF821CC19B0A0075AA9E /* Assets.xcassets in Resources */ = {isa = PBXBuildFile; fileRef = 310FFF811CC19B0A0075AA9E /* Assets.xcassets */; };
		310FFF871CC19B0B0075AA9E /* iHTTS WatchKit 1 App.app in Resources */ = {isa = PBXBuildFile; fileRef = 310FFF861CC19B0B0075AA9E /* iHTTS WatchKit 1 App.app */; };
		310FFF8D1CC19B0B0075AA9E /* Interface.storyboard in Resources */ = {isa = PBXBuildFile; fileRef = 310FFF8B1CC19B0B0075AA9E /* Interface.storyboard */; };
		310FFF8F1CC19B0B0075AA9E /* Assets.xcassets in Resources */ = {isa = PBXBuildFile; fileRef = 310FFF8E1CC19B0B0075AA9E /* Assets.xcassets */; };
		310FFF931CC19B0B0075AA9E /* iHTTS WatchKit 1 Extension.appex in Embed App Extensions */ = {isa = PBXBuildFile; fileRef = 310FFF7D1CC19B0A0075AA9E /* iHTTS WatchKit 1 Extension.appex */; settings = {ATTRIBUTES = (RemoveHeadersOnCopy, ); }; };
		310FFF9E1CC1A9340075AA9E /* Call.swift in Sources */ = {isa = PBXBuildFile; fileRef = 310FFF9D1CC1A9340075AA9E /* Call.swift */; };
/* End PBXBuildFile section */

/* Begin PBXContainerItemProxy section */
		310FFF881CC19B0B0075AA9E /* PBXContainerItemProxy */ = {
			isa = PBXContainerItemProxy;
			containerPortal = 310FFF5B1CC19AAE0075AA9E /* Project object */;
			proxyType = 1;
			remoteGlobalIDString = 310FFF851CC19B0B0075AA9E;
			remoteInfo = "iHTTS WatchKit 1 App";
		};
		310FFF911CC19B0B0075AA9E /* PBXContainerItemProxy */ = {
			isa = PBXContainerItemProxy;
			containerPortal = 310FFF5B1CC19AAE0075AA9E /* Project object */;
			proxyType = 1;
			remoteGlobalIDString = 310FFF7C1CC19B0A0075AA9E;
			remoteInfo = "iHTTS WatchKit 1 Extension";
		};
/* End PBXContainerItemProxy section */

/* Begin PBXCopyFilesBuildPhase section */
		310FFF9A1CC19B0B0075AA9E /* Embed App Extensions */ = {
			isa = PBXCopyFilesBuildPhase;
			buildActionMask = 2147483647;
			dstPath = "";
			dstSubfolderSpec = 13;
			files = (
				310FFF931CC19B0B0075AA9E /* iHTTS WatchKit 1 Extension.appex in Embed App Extensions */,
			);
			name = "Embed App Extensions";
			runOnlyForDeploymentPostprocessing = 0;
		};
/* End PBXCopyFilesBuildPhase section */

/* Begin PBXFileReference section */
		310FFF631CC19AAE0075AA9E /* iHTTS.app */ = {isa = PBXFileReference; explicitFileType = wrapper.application; includeInIndex = 0; path = iHTTS.app; sourceTree = BUILT_PRODUCTS_DIR; };
		310FFF661CC19AAE0075AA9E /* AppDelegate.swift */ = {isa = PBXFileReference; lastKnownFileType = sourcecode.swift; path = AppDelegate.swift; sourceTree = "<group>"; };
		310FFF681CC19AAE0075AA9E /* ViewController.swift */ = {isa = PBXFileReference; lastKnownFileType = sourcecode.swift; path = ViewController.swift; sourceTree = "<group>"; };
		310FFF6B1CC19AAE0075AA9E /* Base */ = {isa = PBXFileReference; lastKnownFileType = file.storyboard; name = Base; path = Base.lproj/Main.storyboard; sourceTree = "<group>"; };
		310FFF6D1CC19AAE0075AA9E /* Assets.xcassets */ = {isa = PBXFileReference; lastKnownFileType = folder.assetcatalog; path = Assets.xcassets; sourceTree = "<group>"; };
		310FFF701CC19AAE0075AA9E /* Base */ = {isa = PBXFileReference; lastKnownFileType = file.storyboard; name = Base; path = Base.lproj/LaunchScreen.storyboard; sourceTree = "<group>"; };
		310FFF721CC19AAE0075AA9E /* Info.plist */ = {isa = PBXFileReference; lastKnownFileType = text.plist.xml; path = Info.plist; sourceTree = "<group>"; };
		310FFF781CC19AE00075AA9E /* iHTTS.entitlements */ = {isa = PBXFileReference; lastKnownFileType = text.xml; path = iHTTS.entitlements; sourceTree = "<group>"; };
		310FFF7D1CC19B0A0075AA9E /* iHTTS WatchKit 1 Extension.appex */ = {isa = PBXFileReference; explicitFileType = "wrapper.app-extension"; includeInIndex = 0; path = "iHTTS WatchKit 1 Extension.appex"; sourceTree = BUILT_PRODUCTS_DIR; };
		310FFF7F1CC19B0A0075AA9E /* InterfaceController.swift */ = {isa = PBXFileReference; lastKnownFileType = sourcecode.swift; path = InterfaceController.swift; sourceTree = "<group>"; };
		310FFF811CC19B0A0075AA9E /* Assets.xcassets */ = {isa = PBXFileReference; lastKnownFileType = folder.assetcatalog; path = Assets.xcassets; sourceTree = "<group>"; };
		310FFF831CC19B0A0075AA9E /* Info.plist */ = {isa = PBXFileReference; lastKnownFileType = text.plist.xml; path = Info.plist; sourceTree = "<group>"; };
		310FFF861CC19B0B0075AA9E /* iHTTS WatchKit 1 App.app */ = {isa = PBXFileReference; explicitFileType = wrapper.application; includeInIndex = 0; path = "iHTTS WatchKit 1 App.app"; sourceTree = BUILT_PRODUCTS_DIR; };
		310FFF8C1CC19B0B0075AA9E /* Base */ = {isa = PBXFileReference; lastKnownFileType = file.storyboard; name = Base; path = Base.lproj/Interface.storyboard; sourceTree = "<group>"; };
		310FFF8E1CC19B0B0075AA9E /* Assets.xcassets */ = {isa = PBXFileReference; lastKnownFileType = folder.assetcatalog; path = Assets.xcassets; sourceTree = "<group>"; };
		310FFF901CC19B0B0075AA9E /* Info.plist */ = {isa = PBXFileReference; lastKnownFileType = text.plist.xml; path = Info.plist; sourceTree = "<group>"; };
		310FFF9B1CC19B120075AA9E /* iHTTS WatchKit 1 Extension.entitlements */ = {isa = PBXFileReference; lastKnownFileType = text.xml; path = "iHTTS WatchKit 1 Extension.entitlements"; sourceTree = "<group>"; };
		310FFF9D1CC1A9340075AA9E /* Call.swift */ = {isa = PBXFileReference; fileEncoding = 4; lastKnownFileType = sourcecode.swift; path = Call.swift; sourceTree = "<group>"; };
/* End PBXFileReference section */

/* Begin PBXFrameworksBuildPhase section */
		310FFF601CC19AAE0075AA9E /* Frameworks */ = {
			isa = PBXFrameworksBuildPhase;
			buildActionMask = 2147483647;
			files = (
			);
			runOnlyForDeploymentPostprocessing = 0;
		};
		310FFF7A1CC19B0A0075AA9E /* Frameworks */ = {
			isa = PBXFrameworksBuildPhase;
			buildActionMask = 2147483647;
			files = (
			);
			runOnlyForDeploymentPostprocessing = 0;
		};
/* End PBXFrameworksBuildPhase section */

/* Begin PBXGroup section */
		310FFF5A1CC19AAE0075AA9E = {
			isa = PBXGroup;
			children = (
				310FFF651CC19AAE0075AA9E /* iHTTS */,
				310FFF7E1CC19B0A0075AA9E /* iHTTS WatchKit 1 Extension */,
				310FFF8A1CC19B0B0075AA9E /* iHTTS WatchKit 1 App */,
				310FFF641CC19AAE0075AA9E /* Products */,
			);
			sourceTree = "<group>";
		};
		310FFF641CC19AAE0075AA9E /* Products */ = {
			isa = PBXGroup;
			children = (
				310FFF631CC19AAE0075AA9E /* iHTTS.app */,
				310FFF7D1CC19B0A0075AA9E /* iHTTS WatchKit 1 Extension.appex */,
				310FFF861CC19B0B0075AA9E /* iHTTS WatchKit 1 App.app */,
			);
			name = Products;
			sourceTree = "<group>";
		};
		310FFF651CC19AAE0075AA9E /* iHTTS */ = {
			isa = PBXGroup;
			children = (
				310FFF781CC19AE00075AA9E /* iHTTS.entitlements */,
				310FFF661CC19AAE0075AA9E /* AppDelegate.swift */,
				310FFF681CC19AAE0075AA9E /* ViewController.swift */,
				310FFF6A1CC19AAE0075AA9E /* Main.storyboard */,
				310FFF6D1CC19AAE0075AA9E /* Assets.xcassets */,
				310FFF6F1CC19AAE0075AA9E /* LaunchScreen.storyboard */,
				310FFF721CC19AAE0075AA9E /* Info.plist */,
			);
			path = iHTTS;
			sourceTree = "<group>";
		};
		310FFF7E1CC19B0A0075AA9E /* iHTTS WatchKit 1 Extension */ = {
			isa = PBXGroup;
			children = (
				310FFF9C1CC1A9210075AA9E /* Models */,
				310FFF9B1CC19B120075AA9E /* iHTTS WatchKit 1 Extension.entitlements */,
				310FFF7F1CC19B0A0075AA9E /* InterfaceController.swift */,
				310FFF811CC19B0A0075AA9E /* Assets.xcassets */,
				310FFF831CC19B0A0075AA9E /* Info.plist */,
			);
			path = "iHTTS WatchKit 1 Extension";
			sourceTree = "<group>";
		};
		310FFF8A1CC19B0B0075AA9E /* iHTTS WatchKit 1 App */ = {
			isa = PBXGroup;
			children = (
				310FFF8B1CC19B0B0075AA9E /* Interface.storyboard */,
				310FFF8E1CC19B0B0075AA9E /* Assets.xcassets */,
				310FFF901CC19B0B0075AA9E /* Info.plist */,
			);
			path = "iHTTS WatchKit 1 App";
			sourceTree = "<group>";
		};
		310FFF9C1CC1A9210075AA9E /* Models */ = {
			isa = PBXGroup;
			children = (
				310FFF9D1CC1A9340075AA9E /* Call.swift */,
			);
			name = Models;
			sourceTree = "<group>";
		};
/* End PBXGroup section */

/* Begin PBXNativeTarget section */
		310FFF621CC19AAE0075AA9E /* iHTTS */ = {
			isa = PBXNativeTarget;
			buildConfigurationList = 310FFF751CC19AAE0075AA9E /* Build configuration list for PBXNativeTarget "iHTTS" */;
			buildPhases = (
				310FFF5F1CC19AAE0075AA9E /* Sources */,
				310FFF601CC19AAE0075AA9E /* Frameworks */,
				310FFF611CC19AAE0075AA9E /* Resources */,
				310FFF9A1CC19B0B0075AA9E /* Embed App Extensions */,
			);
			buildRules = (
			);
			dependencies = (
				310FFF921CC19B0B0075AA9E /* PBXTargetDependency */,
			);
			name = iHTTS;
			productName = iHTTS;
			productReference = 310FFF631CC19AAE0075AA9E /* iHTTS.app */;
			productType = "com.apple.product-type.application";
		};
		310FFF7C1CC19B0A0075AA9E /* iHTTS WatchKit 1 Extension */ = {
			isa = PBXNativeTarget;
			buildConfigurationList = 310FFF971CC19B0B0075AA9E /* Build configuration list for PBXNativeTarget "iHTTS WatchKit 1 Extension" */;
			buildPhases = (
				310FFF791CC19B0A0075AA9E /* Sources */,
				310FFF7A1CC19B0A0075AA9E /* Frameworks */,
				310FFF7B1CC19B0A0075AA9E /* Resources */,
			);
			buildRules = (
			);
			dependencies = (
				310FFF891CC19B0B0075AA9E /* PBXTargetDependency */,
			);
			name = "iHTTS WatchKit 1 Extension";
			productName = "iHTTS WatchKit 1 Extension";
			productReference = 310FFF7D1CC19B0A0075AA9E /* iHTTS WatchKit 1 Extension.appex */;
			productType = "com.apple.product-type.watchkit-extension";
		};
		310FFF851CC19B0B0075AA9E /* iHTTS WatchKit 1 App */ = {
			isa = PBXNativeTarget;
			buildConfigurationList = 310FFF941CC19B0B0075AA9E /* Build configuration list for PBXNativeTarget "iHTTS WatchKit 1 App" */;
			buildPhases = (
				310FFF841CC19B0B0075AA9E /* Resources */,
			);
			buildRules = (
			);
			dependencies = (
			);
			name = "iHTTS WatchKit 1 App";
			productName = "iHTTS WatchKit 1 App";
			productReference = 310FFF861CC19B0B0075AA9E /* iHTTS WatchKit 1 App.app */;
			productType = "com.apple.product-type.application.watchapp";
		};
/* End PBXNativeTarget section */

/* Begin PBXProject section */
		310FFF5B1CC19AAE0075AA9E /* Project object */ = {
			isa = PBXProject;
			attributes = {
				LastSwiftUpdateCheck = 0720;
				LastUpgradeCheck = 0720;
				ORGANIZATIONNAME = "Jonathan Schapiro";
				TargetAttributes = {
					310FFF621CC19AAE0075AA9E = {
						CreatedOnToolsVersion = 7.2.1;
						DevelopmentTeam = 7YE2AGQ2J4;
						SystemCapabilities = {
							com.apple.ApplicationGroups.iOS = {
								enabled = 1;
							};
						};
					};
					310FFF7C1CC19B0A0075AA9E = {
						CreatedOnToolsVersion = 7.2.1;
						DevelopmentTeam = 7YE2AGQ2J4;
						SystemCapabilities = {
							com.apple.ApplicationGroups.iOS = {
								enabled = 1;
							};
						};
					};
					310FFF851CC19B0B0075AA9E = {
						CreatedOnToolsVersion = 7.2.1;
					};
				};
			};
			buildConfigurationList = 310FFF5E1CC19AAE0075AA9E /* Build configuration list for PBXProject "iHTTS" */;
			compatibilityVersion = "Xcode 3.2";
			developmentRegion = English;
			hasScannedForEncodings = 0;
			knownRegions = (
				en,
				Base,
			);
			mainGroup = 310FFF5A1CC19AAE0075AA9E;
			productRefGroup = 310FFF641CC19AAE0075AA9E /* Products */;
			projectDirPath = "";
			projectRoot = "";
			targets = (
				310FFF621CC19AAE0075AA9E /* iHTTS */,
				310FFF7C1CC19B0A0075AA9E /* iHTTS WatchKit 1 Extension */,
				310FFF851CC19B0B0075AA9E /* iHTTS WatchKit 1 App */,
			);
		};
/* End PBXProject section */

/* Begin PBXResourcesBuildPhase section */
		310FFF611CC19AAE0075AA9E /* Resources */ = {
			isa = PBXResourcesBuildPhase;
			buildActionMask = 2147483647;
			files = (
				310FFF711CC19AAE0075AA9E /* LaunchScreen.storyboard in Resources */,
				310FFF6E1CC19AAE0075AA9E /* Assets.xcassets in Resources */,
				310FFF6C1CC19AAE0075AA9E /* Main.storyboard in Resources */,
			);
			runOnlyForDeploymentPostprocessing = 0;
		};
		310FFF7B1CC19B0A0075AA9E /* Resources */ = {
			isa = PBXResourcesBuildPhase;
			buildActionMask = 2147483647;
			files = (
				310FFF871CC19B0B0075AA9E /* iHTTS WatchKit 1 App.app in Resources */,
				310FFF821CC19B0A0075AA9E /* Assets.xcassets in Resources */,
			);
			runOnlyForDeploymentPostprocessing = 0;
		};
		310FFF841CC19B0B0075AA9E /* Resources */ = {
			isa = PBXResourcesBuildPhase;
			buildActionMask = 2147483647;
			files = (
				310FFF8F1CC19B0B0075AA9E /* Assets.xcassets in Resources */,
				310FFF8D1CC19B0B0075AA9E /* Interface.storyboard in Resources */,
			);
			runOnlyForDeploymentPostprocessing = 0;
		};
/* End PBXResourcesBuildPhase section */

/* Begin PBXSourcesBuildPhase section */
		310FFF5F1CC19AAE0075AA9E /* Sources */ = {
			isa = PBXSourcesBuildPhase;
			buildActionMask = 2147483647;
			files = (
				310FFF691CC19AAE0075AA9E /* ViewController.swift in Sources */,
				310FFF671CC19AAE0075AA9E /* AppDelegate.swift in Sources */,
			);
			runOnlyForDeploymentPostprocessing = 0;
		};
		310FFF791CC19B0A0075AA9E /* Sources */ = {
			isa = PBXSourcesBuildPhase;
			buildActionMask = 2147483647;
			files = (
				310FFF801CC19B0A0075AA9E /* InterfaceController.swift in Sources */,
				310FFF9E1CC1A9340075AA9E /* Call.swift in Sources */,
			);
			runOnlyForDeploymentPostprocessing = 0;
		};
/* End PBXSourcesBuildPhase section */

/* Begin PBXTargetDependency section */
		310FFF891CC19B0B0075AA9E /* PBXTargetDependency */ = {
			isa = PBXTargetDependency;
			target = 310FFF851CC19B0B0075AA9E /* iHTTS WatchKit 1 App */;
			targetProxy = 310FFF881CC19B0B0075AA9E /* PBXContainerItemProxy */;
		};
		310FFF921CC19B0B0075AA9E /* PBXTargetDependency */ = {
			isa = PBXTargetDependency;
			target = 310FFF7C1CC19B0A0075AA9E /* iHTTS WatchKit 1 Extension */;
			targetProxy = 310FFF911CC19B0B0075AA9E /* PBXContainerItemProxy */;
		};
/* End PBXTargetDependency section */

/* Begin PBXVariantGroup section */
		310FFF6A1CC19AAE0075AA9E /* Main.storyboard */ = {
			isa = PBXVariantGroup;
			children = (
				310FFF6B1CC19AAE0075AA9E /* Base */,
			);
			name = Main.storyboard;
			sourceTree = "<group>";
		};
		310FFF6F1CC19AAE0075AA9E /* LaunchScreen.storyboard */ = {
			isa = PBXVariantGroup;
			children = (
				310FFF701CC19AAE0075AA9E /* Base */,
			);
			name = LaunchScreen.storyboard;
			sourceTree = "<group>";
		};
		310FFF8B1CC19B0B0075AA9E /* Interface.storyboard */ = {
			isa = PBXVariantGroup;
			children = (
				310FFF8C1CC19B0B0075AA9E /* Base */,
			);
			name = Interface.storyboard;
			sourceTree = "<group>";
		};
/* End PBXVariantGroup section */

/* Begin XCBuildConfiguration section */
		310FFF731CC19AAE0075AA9E /* Debug */ = {
			isa = XCBuildConfiguration;
			buildSettings = {
				ALWAYS_SEARCH_USER_PATHS = NO;
				CLANG_CXX_LANGUAGE_STANDARD = "gnu++0x";
				CLANG_CXX_LIBRARY = "libc++";
				CLANG_ENABLE_MODULES = YES;
				CLANG_ENABLE_OBJC_ARC = YES;
				CLANG_WARN_BOOL_CONVERSION = YES;
				CLANG_WARN_CONSTANT_CONVERSION = YES;
				CLANG_WARN_DIRECT_OBJC_ISA_USAGE = YES_ERROR;
				CLANG_WARN_EMPTY_BODY = YES;
				CLANG_WARN_ENUM_CONVERSION = YES;
				CLANG_WARN_INT_CONVERSION = YES;
				CLANG_WARN_OBJC_ROOT_CLASS = YES_ERROR;
				CLANG_WARN_UNREACHABLE_CODE = YES;
				CLANG_WARN__DUPLICATE_METHOD_MATCH = YES;
				"CODE_SIGN_IDENTITY[sdk=iphoneos*]" = "iPhone Developer";
				COPY_PHASE_STRIP = NO;
				DEBUG_INFORMATION_FORMAT = dwarf;
				ENABLE_STRICT_OBJC_MSGSEND = YES;
				ENABLE_TESTABILITY = YES;
				GCC_C_LANGUAGE_STANDARD = gnu99;
				GCC_DYNAMIC_NO_PIC = NO;
				GCC_NO_COMMON_BLOCKS = YES;
				GCC_OPTIMIZATION_LEVEL = 0;
				GCC_PREPROCESSOR_DEFINITIONS = (
					"DEBUG=1",
					"$(inherited)",
				);
				GCC_WARN_64_TO_32_BIT_CONVERSION = YES;
				GCC_WARN_ABOUT_RETURN_TYPE = YES_ERROR;
				GCC_WARN_UNDECLARED_SELECTOR = YES;
				GCC_WARN_UNINITIALIZED_AUTOS = YES_AGGRESSIVE;
				GCC_WARN_UNUSED_FUNCTION = YES;
				GCC_WARN_UNUSED_VARIABLE = YES;
				IPHONEOS_DEPLOYMENT_TARGET = 9.2;
				MTL_ENABLE_DEBUG_INFO = YES;
				ONLY_ACTIVE_ARCH = YES;
				SDKROOT = iphoneos;
				SWIFT_OPTIMIZATION_LEVEL = "-Onone";
				TARGETED_DEVICE_FAMILY = "1,2";
			};
			name = Debug;
		};
		310FFF741CC19AAE0075AA9E /* Release */ = {
			isa = XCBuildConfiguration;
			buildSettings = {
				ALWAYS_SEARCH_USER_PATHS = NO;
				CLANG_CXX_LANGUAGE_STANDARD = "gnu++0x";
				CLANG_CXX_LIBRARY = "libc++";
				CLANG_ENABLE_MODULES = YES;
				CLANG_ENABLE_OBJC_ARC = YES;
				CLANG_WARN_BOOL_CONVERSION = YES;
				CLANG_WARN_CONSTANT_CONVERSION = YES;
				CLANG_WARN_DIRECT_OBJC_ISA_USAGE = YES_ERROR;
				CLANG_WARN_EMPTY_BODY = YES;
				CLANG_WARN_ENUM_CONVERSION = YES;
				CLANG_WARN_INT_CONVERSION = YES;
				CLANG_WARN_OBJC_ROOT_CLASS = YES_ERROR;
				CLANG_WARN_UNREACHABLE_CODE = YES;
				CLANG_WARN__DUPLICATE_METHOD_MATCH = YES;
				"CODE_SIGN_IDENTITY[sdk=iphoneos*]" = "iPhone Developer";
				COPY_PHASE_STRIP = NO;
				DEBUG_INFORMATION_FORMAT = "dwarf-with-dsym";
				ENABLE_NS_ASSERTIONS = NO;
				ENABLE_STRICT_OBJC_MSGSEND = YES;
				GCC_C_LANGUAGE_STANDARD = gnu99;
				GCC_NO_COMMON_BLOCKS = YES;
				GCC_WARN_64_TO_32_BIT_CONVERSION = YES;
				GCC_WARN_ABOUT_RETURN_TYPE = YES_ERROR;
				GCC_WARN_UNDECLARED_SELECTOR = YES;
				GCC_WARN_UNINITIALIZED_AUTOS = YES_AGGRESSIVE;
				GCC_WARN_UNUSED_FUNCTION = YES;
				GCC_WARN_UNUSED_VARIABLE = YES;
				IPHONEOS_DEPLOYMENT_TARGET = 9.2;
				MTL_ENABLE_DEBUG_INFO = NO;
				SDKROOT = iphoneos;
				TARGETED_DEVICE_FAMILY = "1,2";
				VALIDATE_PRODUCT = YES;
			};
			name = Release;
		};
		310FFF761CC19AAE0075AA9E /* Debug */ = {
			isa = XCBuildConfiguration;
			buildSettings = {
				ASSETCATALOG_COMPILER_APPICON_NAME = AppIcon;
				CODE_SIGN_ENTITLEMENTS = iHTTS/iHTTS.entitlements;
				CODE_SIGN_IDENTITY = "iPhone Developer";
				"CODE_SIGN_IDENTITY[sdk=iphoneos*]" = "iPhone Developer";
				EMBEDDED_CONTENT_CONTAINS_SWIFT = YES;
				INFOPLIST_FILE = iHTTS/Info.plist;
				LD_RUNPATH_SEARCH_PATHS = "$(inherited) @executable_path/Frameworks";
				PRODUCT_BUNDLE_IDENTIFIER = Perch.iHTTS;
				PRODUCT_NAME = "$(TARGET_NAME)";
				PROVISIONING_PROFILE = "";
			};
			name = Debug;
		};
		310FFF771CC19AAE0075AA9E /* Release */ = {
			isa = XCBuildConfiguration;
			buildSettings = {
				ASSETCATALOG_COMPILER_APPICON_NAME = AppIcon;
				CODE_SIGN_ENTITLEMENTS = iHTTS/iHTTS.entitlements;
				CODE_SIGN_IDENTITY = "iPhone Developer";
				"CODE_SIGN_IDENTITY[sdk=iphoneos*]" = "iPhone Developer";
				EMBEDDED_CONTENT_CONTAINS_SWIFT = YES;
				INFOPLIST_FILE = iHTTS/Info.plist;
				LD_RUNPATH_SEARCH_PATHS = "$(inherited) @executable_path/Frameworks";
				PRODUCT_BUNDLE_IDENTIFIER = Perch.iHTTS;
				PRODUCT_NAME = "$(TARGET_NAME)";
				PROVISIONING_PROFILE = "";
			};
			name = Release;
		};
		310FFF951CC19B0B0075AA9E /* Debug */ = {
			isa = XCBuildConfiguration;
			buildSettings = {
				ASSETCATALOG_COMPILER_APPICON_NAME = AppIcon;
				IBSC_MODULE = iHTTS_WatchKit_1_Extension;
				INFOPLIST_FILE = "iHTTS WatchKit 1 App/Info.plist";
				IPHONEOS_DEPLOYMENT_TARGET = 8.2;
				PRODUCT_BUNDLE_IDENTIFIER = Perch.iHTTS.watchkitapp;
				PRODUCT_NAME = "$(TARGET_NAME)";
				SKIP_INSTALL = YES;
				TARGETED_DEVICE_FAMILY = 4;
				"TARGETED_DEVICE_FAMILY[sdk=iphonesimulator*]" = "1,4";
			};
			name = Debug;
		};
		310FFF961CC19B0B0075AA9E /* Release */ = {
			isa = XCBuildConfiguration;
			buildSettings = {
				ASSETCATALOG_COMPILER_APPICON_NAME = AppIcon;
				IBSC_MODULE = iHTTS_WatchKit_1_Extension;
				INFOPLIST_FILE = "iHTTS WatchKit 1 App/Info.plist";
				IPHONEOS_DEPLOYMENT_TARGET = 8.2;
				PRODUCT_BUNDLE_IDENTIFIER = Perch.iHTTS.watchkitapp;
				PRODUCT_NAME = "$(TARGET_NAME)";
				SKIP_INSTALL = YES;
				TARGETED_DEVICE_FAMILY = 4;
				"TARGETED_DEVICE_FAMILY[sdk=iphonesimulator*]" = "1,4";
			};
			name = Release;
		};
		310FFF981CC19B0B0075AA9E /* Debug */ = {
			isa = XCBuildConfiguration;
			buildSettings = {
				CODE_SIGN_ENTITLEMENTS = "iHTTS WatchKit 1 Extension/iHTTS WatchKit 1 Extension.entitlements";
				CODE_SIGN_IDENTITY = "iPhone Developer";
				"CODE_SIGN_IDENTITY[sdk=iphoneos*]" = "iPhone Developer";
				INFOPLIST_FILE = "iHTTS WatchKit 1 Extension/Info.plist";
				LD_RUNPATH_SEARCH_PATHS = "$(inherited) @executable_path/Frameworks @executable_path/../../Frameworks";
				PRODUCT_BUNDLE_IDENTIFIER = Perch.iHTTS.watchkitextension;
				PRODUCT_NAME = "${TARGET_NAME}";
				PROVISIONING_PROFILE = "";
				SKIP_INSTALL = YES;
			};
			name = Debug;
		};
		310FFF991CC19B0B0075AA9E /* Release */ = {
			isa = XCBuildConfiguration;
			buildSettings = {
				CODE_SIGN_ENTITLEMENTS = "iHTTS WatchKit 1 Extension/iHTTS WatchKit 1 Extension.entitlements";
				CODE_SIGN_IDENTITY = "iPhone Developer";
				"CODE_SIGN_IDENTITY[sdk=iphoneos*]" = "iPhone Developer";
				INFOPLIST_FILE = "iHTTS WatchKit 1 Extension/Info.plist";
				LD_RUNPATH_SEARCH_PATHS = "$(inherited) @executable_path/Frameworks @executable_path/../../Frameworks";
				PRODUCT_BUNDLE_IDENTIFIER = Perch.iHTTS.watchkitextension;
				PRODUCT_NAME = "${TARGET_NAME}";
				PROVISIONING_PROFILE = "";
				SKIP_INSTALL = YES;
			};
			name = Release;
		};
/* End XCBuildConfiguration section */

/* Begin XCConfigurationList section */
		310FFF5E1CC19AAE0075AA9E /* Build configuration list for PBXProject "iHTTS" */ = {
			isa = XCConfigurationList;
			buildConfigurations = (
				310FFF731CC19AAE0075AA9E /* Debug */,
				310FFF741CC19AAE0075AA9E /* Release */,
			);
			defaultConfigurationIsVisible = 0;
			defaultConfigurationName = Release;
		};
		310FFF751CC19AAE0075AA9E /* Build configuration list for PBXNativeTarget "iHTTS" */ = {
			isa = XCConfigurationList;
			buildConfigurations = (
				310FFF761CC19AAE0075AA9E /* Debug */,
				310FFF771CC19AAE0075AA9E /* Release */,
			);
			defaultConfigurationIsVisible = 0;
		};
		310FFF941CC19B0B0075AA9E /* Build configuration list for PBXNativeTarget "iHTTS WatchKit 1 App" */ = {
			isa = XCConfigurationList;
			buildConfigurations = (
				310FFF951CC19B0B0075AA9E /* Debug */,
				310FFF961CC19B0B0075AA9E /* Release */,
			);
			defaultConfigurationIsVisible = 0;
		};
		310FFF971CC19B0B0075AA9E /* Build configuration list for PBXNativeTarget "iHTTS WatchKit 1 Extension" */ = {
			isa = XCConfigurationList;
			buildConfigurations = (
				310FFF981CC19B0B0075AA9E /* Debug */,
				310FFF991CC19B0B0075AA9E /* Release */,
			);
			defaultConfigurationIsVisible = 0;
		};
/* End XCConfigurationList section */
	};
	rootObject = 310FFF5B1CC19AAE0075AA9E /* Project object */;
}
